// !$*UTF8*$!
{
	archiveVersion = 1;
	classes = {
	};
	objectVersion = 50;
	objects = {

/* Begin PBXBuildFile section */
		082E276A25AE610C00EF53F9 /* AppDelegate.swift in Sources */ = {isa = PBXBuildFile; fileRef = 082E276925AE610C00EF53F9 /* AppDelegate.swift */; };
		082E276C25AE610C00EF53F9 /* SceneDelegate.swift in Sources */ = {isa = PBXBuildFile; fileRef = 082E276B25AE610C00EF53F9 /* SceneDelegate.swift */; };
		082E277025AE610D00EF53F9 /* Assets.xcassets in Resources */ = {isa = PBXBuildFile; fileRef = 082E276F25AE610D00EF53F9 /* Assets.xcassets */; };
		082E277325AE610D00EF53F9 /* Preview Assets.xcassets in Resources */ = {isa = PBXBuildFile; fileRef = 082E277225AE610D00EF53F9 /* Preview Assets.xcassets */; };
		082E277625AE610D00EF53F9 /* LaunchScreen.storyboard in Resources */ = {isa = PBXBuildFile; fileRef = 082E277425AE610D00EF53F9 /* LaunchScreen.storyboard */; };
		082E278225AE614600EF53F9 /* SignInScreen.swift in Sources */ = {isa = PBXBuildFile; fileRef = 082E278125AE614600EF53F9 /* SignInScreen.swift */; };
		082E278625AE615400EF53F9 /* SignUpScreen.swift in Sources */ = {isa = PBXBuildFile; fileRef = 082E278525AE615400EF53F9 /* SignUpScreen.swift */; };
/* End PBXBuildFile section */

/* Begin PBXFileReference section */
		082E276625AE610C00EF53F9 /* InstaSignPresent.app */ = {isa = PBXFileReference; explicitFileType = wrapper.application; includeInIndex = 0; path = InstaSignPresent.app; sourceTree = BUILT_PRODUCTS_DIR; };
		082E276925AE610C00EF53F9 /* AppDelegate.swift */ = {isa = PBXFileReference; lastKnownFileType = sourcecode.swift; path = AppDelegate.swift; sourceTree = "<group>"; };
		082E276B25AE610C00EF53F9 /* SceneDelegate.swift */ = {isa = PBXFileReference; lastKnownFileType = sourcecode.swift; path = SceneDelegate.swift; sourceTree = "<group>"; };
		082E276F25AE610D00EF53F9 /* Assets.xcassets */ = {isa = PBXFileReference; lastKnownFileType = folder.assetcatalog; path = Assets.xcassets; sourceTree = "<group>"; };
		082E277225AE610D00EF53F9 /* Preview Assets.xcassets */ = {isa = PBXFileReference; lastKnownFileType = folder.assetcatalog; path = "Preview Assets.xcassets"; sourceTree = "<group>"; };
		082E277525AE610D00EF53F9 /* Base */ = {isa = PBXFileReference; lastKnownFileType = file.storyboard; name = Base; path = Base.lproj/LaunchScreen.storyboard; sourceTree = "<group>"; };
		082E277725AE610D00EF53F9 /* Info.plist */ = {isa = PBXFileReference; lastKnownFileType = text.plist.xml; path = Info.plist; sourceTree = "<group>"; };
		082E278125AE614600EF53F9 /* SignInScreen.swift */ = {isa = PBXFileReference; lastKnownFileType = sourcecode.swift; path = SignInScreen.swift; sourceTree = "<group>"; };
		082E278525AE615400EF53F9 /* SignUpScreen.swift */ = {isa = PBXFileReference; lastKnownFileType = sourcecode.swift; path = SignUpScreen.swift; sourceTree = "<group>"; };
/* End PBXFileReference section */

/* Begin PBXFrameworksBuildPhase section */
		082E276325AE610C00EF53F9 /* Frameworks */ = {
			isa = PBXFrameworksBuildPhase;
			buildActionMask = 2147483647;
			files = (
			);
			runOnlyForDeploymentPostprocessing = 0;
		};
/* End PBXFrameworksBuildPhase section */

/* Begin PBXGroup section */
		082E275D25AE610B00EF53F9 = {
			isa = PBXGroup;
			children = (
				082E276825AE610C00EF53F9 /* InstaSignPresent */,
				082E276725AE610C00EF53F9 /* Products */,
			);
			sourceTree = "<group>";
		};
		082E276725AE610C00EF53F9 /* Products */ = {
			isa = PBXGroup;
			children = (
				082E276625AE610C00EF53F9 /* InstaSignPresent.app */,
			);
			name = Products;
			sourceTree = "<group>";
		};
		082E276825AE610C00EF53F9 /* InstaSignPresent */ = {
			isa = PBXGroup;
			children = (
				082E278025AE612E00EF53F9 /* screens */,
				082E277F25AE612200EF53F9 /* apputils */,
				082E276925AE610C00EF53F9 /* AppDelegate.swift */,
				082E276B25AE610C00EF53F9 /* SceneDelegate.swift */,
				082E277725AE610D00EF53F9 /* Info.plist */,
				082E277125AE610D00EF53F9 /* Preview Content */,
			);
			path = InstaSignPresent;
			sourceTree = "<group>";
		};
		082E277125AE610D00EF53F9 /* Preview Content */ = {
			isa = PBXGroup;
			children = (
				082E277225AE610D00EF53F9 /* Preview Assets.xcassets */,
			);
			path = "Preview Content";
			sourceTree = "<group>";
		};
		082E277F25AE612200EF53F9 /* apputils */ = {
			isa = PBXGroup;
			children = (
				082E277425AE610D00EF53F9 /* LaunchScreen.storyboard */,
				082E276F25AE610D00EF53F9 /* Assets.xcassets */,
			);
			path = apputils;
			sourceTree = "<group>";
		};
		082E278025AE612E00EF53F9 /* screens */ = {
			isa = PBXGroup;
			children = (
				082E278125AE614600EF53F9 /* SignInScreen.swift */,
				082E278525AE615400EF53F9 /* SignUpScreen.swift */,
			);
			path = screens;
			sourceTree = "<group>";
		};
/* End PBXGroup section */

/* Begin PBXNativeTarget section */
		082E276525AE610C00EF53F9 /* InstaSignPresent */ = {
			isa = PBXNativeTarget;
			buildConfigurationList = 082E277A25AE610D00EF53F9 /* Build configuration list for PBXNativeTarget "InstaSignPresent" */;
			buildPhases = (
				082E276225AE610C00EF53F9 /* Sources */,
				082E276325AE610C00EF53F9 /* Frameworks */,
				082E276425AE610C00EF53F9 /* Resources */,
			);
			buildRules = (
			);
			dependencies = (
			);
			name = InstaSignPresent;
			productName = InstaSignPresent;
			productReference = 082E276625AE610C00EF53F9 /* InstaSignPresent.app */;
			productType = "com.apple.product-type.application";
		};
/* End PBXNativeTarget section */

/* Begin PBXProject section */
		082E275E25AE610B00EF53F9 /* Project object */ = {
			isa = PBXProject;
			attributes = {
				LastSwiftUpdateCheck = 1230;
				LastUpgradeCheck = 1230;
				TargetAttributes = {
					082E276525AE610C00EF53F9 = {
						CreatedOnToolsVersion = 12.3;
					};
				};
			};
			buildConfigurationList = 082E276125AE610B00EF53F9 /* Build configuration list for PBXProject "InstaSignPresent" */;
			compatibilityVersion = "Xcode 9.3";
			developmentRegion = en;
			hasScannedForEncodings = 0;
			knownRegions = (
				en,
				Base,
			);
			mainGroup = 082E275D25AE610B00EF53F9;
			productRefGroup = 082E276725AE610C00EF53F9 /* Products */;
			projectDirPath = "";
			projectRoot = "";
			targets = (
				082E276525AE610C00EF53F9 /* InstaSignPresent */,
			);
		};
/* End PBXProject section */

/* Begin PBXResourcesBuildPhase section */
		082E276425AE610C00EF53F9 /* Resources */ = {
			isa = PBXResourcesBuildPhase;
			buildActionMask = 2147483647;
			files = (
				082E277625AE610D00EF53F9 /* LaunchScreen.storyboard in Resources */,
				082E277325AE610D00EF53F9 /* Preview Assets.xcassets in Resources */,
				082E277025AE610D00EF53F9 /* Assets.xcassets in Resources */,
			);
			runOnlyForDeploymentPostprocessing = 0;
		};
/* End PBXResourcesBuildPhase section */

/* Begin PBXSourcesBuildPhase section */
		082E276225AE610C00EF53F9 /* Sources */ = {
			isa = PBXSourcesBuildPhase;
			buildActionMask = 2147483647;
			files = (
				082E276A25AE610C00EF53F9 /* AppDelegate.swift in Sources */,
				082E276C25AE610C00EF53F9 /* SceneDelegate.swift in Sources */,
				082E278225AE614600EF53F9 /* SignInScreen.swift in Sources */,
				082E278625AE615400EF53F9 /* SignUpScreen.swift in Sources */,
			);
			runOnlyForDeploymentPostprocessing = 0;
		};
/* End PBXSourcesBuildPhase section */

/* Begin PBXVariantGroup section */
		082E277425AE610D00EF53F9 /* LaunchScreen.storyboard */ = {
			isa = PBXVariantGroup;
			children = (
				082E277525AE610D00EF53F9 /* Base */,
			);
			name = LaunchScreen.storyboard;
			sourceTree = "<group>";
		};
/* End PBXVariantGroup section */

/* Begin XCBuildConfiguration section */
		082E277825AE610D00EF53F9 /* Debug */ = {
			isa = XCBuildConfiguration;
			buildSettings = {
				ALWAYS_SEARCH_USER_PATHS = NO;
				CLANG_ANALYZER_NONNULL = YES;
				CLANG_ANALYZER_NUMBER_OBJECT_CONVERSION = YES_AGGRESSIVE;
				CLANG_CXX_LANGUAGE_STANDARD = "gnu++14";
				CLANG_CXX_LIBRARY = "libc++";
				CLANG_ENABLE_MODULES = YES;
				CLANG_ENABLE_OBJC_ARC = YES;
				CLANG_ENABLE_OBJC_WEAK = YES;
				CLANG_WARN_BLOCK_CAPTURE_AUTORELEASING = YES;
				CLANG_WARN_BOOL_CONVERSION = YES;
				CLANG_WARN_COMMA = YES;
				CLANG_WARN_CONSTANT_CONVERSION = YES;
				CLANG_WARN_DEPRECATED_OBJC_IMPLEMENTATIONS = YES;
				CLANG_WARN_DIRECT_OBJC_ISA_USAGE = YES_ERROR;
				CLANG_WARN_DOCUMENTATION_COMMENTS = YES;
				CLANG_WARN_EMPTY_BODY = YES;
				CLANG_WARN_ENUM_CONVERSION = YES;
				CLANG_WARN_INFINITE_RECURSION = YES;
				CLANG_WARN_INT_CONVERSION = YES;
				CLANG_WARN_NON_LITERAL_NULL_CONVERSION = YES;
				CLANG_WARN_OBJC_IMPLICIT_RETAIN_SELF = YES;
				CLANG_WARN_OBJC_LITERAL_CONVERSION = YES;
				CLANG_WARN_OBJC_ROOT_CLASS = YES_ERROR;
				CLANG_WARN_QUOTED_INCLUDE_IN_FRAMEWORK_HEADER = YES;
				CLANG_WARN_RANGE_LOOP_ANALYSIS = YES;
				CLANG_WARN_STRICT_PROTOTYPES = YES;
				CLANG_WARN_SUSPICIOUS_MOVE = YES;
				CLANG_WARN_UNGUARDED_AVAILABILITY = YES_AGGRESSIVE;
				CLANG_WARN_UNREACHABLE_CODE = YES;
				CLANG_WARN__DUPLICATE_METHOD_MATCH = YES;
				COPY_PHASE_STRIP = NO;
				DEBUG_INFORMATION_FORMAT = dwarf;
				ENABLE_STRICT_OBJC_MSGSEND = YES;
				ENABLE_TESTABILITY = YES;
				GCC_C_LANGUAGE_STANDARD = gnu11;
				GCC_DYNAMIC_NO_PIC = NO;
				GCC_NO_COMMON_BLOCKS = YES;
				GCC_OPTIMIZATION_LEVEL = 0;
				GCC_PREPROCESSOR_DEFINITIONS = (
					"DEBUG=1",
					"$(inherited)",
				);
				GCC_WARN_64_TO_32_BIT_CONVERSION = YES;
				GCC_WARN_ABOUT_RETURN_TYPE = YES_ERROR;
				GCC_WARN_UNDECLARED_SELECTOR = YES;
				GCC_WARN_UNINITIALIZED_AUTOS = YES_AGGRESSIVE;
				GCC_WARN_UNUSED_FUNCTION = YES;
				GCC_WARN_UNUSED_VARIABLE = YES;
				IPHONEOS_DEPLOYMENT_TARGET = 14.3;
				MTL_ENABLE_DEBUG_INFO = INCLUDE_SOURCE;
				MTL_FAST_MATH = YES;
				ONLY_ACTIVE_ARCH = YES;
				SDKROOT = iphoneos;
				SWIFT_ACTIVE_COMPILATION_CONDITIONS = DEBUG;
				SWIFT_OPTIMIZATION_LEVEL = "-Onone";
			};
			name = Debug;
		};
		082E277925AE610D00EF53F9 /* Release */ = {
			isa = XCBuildConfiguration;
			buildSettings = {
				ALWAYS_SEARCH_USER_PATHS = NO;
				CLANG_ANALYZER_NONNULL = YES;
				CLANG_ANALYZER_NUMBER_OBJECT_CONVERSION = YES_AGGRESSIVE;
				CLANG_CXX_LANGUAGE_STANDARD = "gnu++14";
				CLANG_CXX_LIBRARY = "libc++";
				CLANG_ENABLE_MODULES = YES;
				CLANG_ENABLE_OBJC_ARC = YES;
				CLANG_ENABLE_OBJC_WEAK = YES;
				CLANG_WARN_BLOCK_CAPTURE_AUTORELEASING = YES;
				CLANG_WARN_BOOL_CONVERSION = YES;
				CLANG_WARN_COMMA = YES;
				CLANG_WARN_CONSTANT_CONVERSION = YES;
				CLANG_WARN_DEPRECATED_OBJC_IMPLEMENTATIONS = YES;
				CLANG_WARN_DIRECT_OBJC_ISA_USAGE = YES_ERROR;
				CLANG_WARN_DOCUMENTATION_COMMENTS = YES;
				CLANG_WARN_EMPTY_BODY = YES;
				CLANG_WARN_ENUM_CONVERSION = YES;
				CLANG_WARN_INFINITE_RECURSION = YES;
				CLANG_WARN_INT_CONVERSION = YES;
				CLANG_WARN_NON_LITERAL_NULL_CONVERSION = YES;
				CLANG_WARN_OBJC_IMPLICIT_RETAIN_SELF = YES;
				CLANG_WARN_OBJC_LITERAL_CONVERSION = YES;
				CLANG_WARN_OBJC_ROOT_CLASS = YES_ERROR;
				CLANG_WARN_QUOTED_INCLUDE_IN_FRAMEWORK_HEADER = YES;
				CLANG_WARN_RANGE_LOOP_ANALYSIS = YES;
				CLANG_WARN_STRICT_PROTOTYPES = YES;
				CLANG_WARN_SUSPICIOUS_MOVE = YES;
				CLANG_WARN_UNGUARDED_AVAILABILITY = YES_AGGRESSIVE;
				CLANG_WARN_UNREACHABLE_CODE = YES;
				CLANG_WARN__DUPLICATE_METHOD_MATCH = YES;
				COPY_PHASE_STRIP = NO;
				DEBUG_INFORMATION_FORMAT = "dwarf-with-dsym";
				ENABLE_NS_ASSERTIONS = NO;
				ENABLE_STRICT_OBJC_MSGSEND = YES;
				GCC_C_LANGUAGE_STANDARD = gnu11;
				GCC_NO_COMMON_BLOCKS = YES;
				GCC_WARN_64_TO_32_BIT_CONVERSION = YES;
				GCC_WARN_ABOUT_RETURN_TYPE = YES_ERROR;
				GCC_WARN_UNDECLARED_SELECTOR = YES;
				GCC_WARN_UNINITIALIZED_AUTOS = YES_AGGRESSIVE;
				GCC_WARN_UNUSED_FUNCTION = YES;
				GCC_WARN_UNUSED_VARIABLE = YES;
				IPHONEOS_DEPLOYMENT_TARGET = 14.3;
				MTL_ENABLE_DEBUG_INFO = NO;
				MTL_FAST_MATH = YES;
				SDKROOT = iphoneos;
				SWIFT_COMPILATION_MODE = wholemodule;
				SWIFT_OPTIMIZATION_LEVEL = "-O";
				VALIDATE_PRODUCT = YES;
			};
			name = Release;
		};
		082E277B25AE610D00EF53F9 /* Debug */ = {
			isa = XCBuildConfiguration;
			buildSettings = {
				ASSETCATALOG_COMPILER_APPICON_NAME = AppIcon;
				ASSETCATALOG_COMPILER_GLOBAL_ACCENT_COLOR_NAME = AccentColor;
				CODE_SIGN_STYLE = Automatic;
				DEVELOPMENT_ASSET_PATHS = "\"InstaSignPresent/Preview Content\"";
				DEVELOPMENT_TEAM = ZBCH42888L;
				ENABLE_PREVIEWS = YES;
				INFOPLIST_FILE = InstaSignPresent/Info.plist;
				LD_RUNPATH_SEARCH_PATHS = (
					"$(inherited)",
					"@executable_path/Frameworks",
				);
				PRODUCT_BUNDLE_IDENTIFIER = swift.InstaSignPresent;
				PRODUCT_NAME = "$(TARGET_NAME)";
				SWIFT_VERSION = 5.0;
				TARGETED_DEVICE_FAMILY = "1,2";
			};
			name = Debug;
		};
		082E277C25AE610D00EF53F9 /* Release */ = {
			isa = XCBuildConfiguration;
			buildSettings = {
				ASSETCATALOG_COMPILER_APPICON_NAME = AppIcon;
				ASSETCATALOG_COMPILER_GLOBAL_ACCENT_COLOR_NAME = AccentColor;
				CODE_SIGN_STYLE = Automatic;
				DEVELOPMENT_ASSET_PATHS = "\"InstaSignPresent/Preview Content\"";
				DEVELOPMENT_TEAM = ZBCH42888L;
				ENABLE_PREVIEWS = YES;
				INFOPLIST_FILE = InstaSignPresent/Info.plist;
				LD_RUNPATH_SEARCH_PATHS = (
					"$(inherited)",
					"@executable_path/Frameworks",
				);
				PRODUCT_BUNDLE_IDENTIFIER = swift.InstaSignPresent;
				PRODUCT_NAME = "$(TARGET_NAME)";
				SWIFT_VERSION = 5.0;
				TARGETED_DEVICE_FAMILY = "1,2";
			};
			name = Release;
		};
/* End XCBuildConfiguration section */

/* Begin XCConfigurationList section */
		082E276125AE610B00EF53F9 /* Build configuration list for PBXProject "InstaSignPresent" */ = {
			isa = XCConfigurationList;
			buildConfigurations = (
				082E277825AE610D00EF53F9 /* Debug */,
				082E277925AE610D00EF53F9 /* Release */,
			);
			defaultConfigurationIsVisible = 0;
			defaultConfigurationName = Release;
		};
		082E277A25AE610D00EF53F9 /* Build configuration list for PBXNativeTarget "InstaSignPresent" */ = {
			isa = XCConfigurationList;
			buildConfigurations = (
				082E277B25AE610D00EF53F9 /* Debug */,
				082E277C25AE610D00EF53F9 /* Release */,
			);
			defaultConfigurationIsVisible = 0;
			defaultConfigurationName = Release;
		};
/* End XCConfigurationList section */
	};
	rootObject = 082E275E25AE610B00EF53F9 /* Project object */;
}
